{
  "name": "Portfolio",
  "lockfileVersion": 3,
  "requires": true,
  "packages": {
    "": {
      "dependencies": {
        "react-tsparticles": "^2.10.1",
        "tsparticles": "^2.10.1"
      }
    },
    "node_modules/deep-eql": {
      "version": "4.1.3",
      "resolved": "https://registry.npmjs.org/deep-eql/-/deep-eql-4.1.3.tgz",
      "integrity": "sha512-WaEtAOpRA1MQ0eohqZjpGD8zdI0Ovsm8mmFhaDN8dvDZzyoUMcYDnf5Y6iu7HTXxf8JDS23qWa4a+hKCDyOPzw==",
      "dependencies": {
        "type-detect": "^4.0.0"
      },
      "engines": {
        "node": ">=6"
      }
    },
    "node_modules/js-tokens": {
      "version": "4.0.0",
      "resolved": "https://registry.npmjs.org/js-tokens/-/js-tokens-4.0.0.tgz",
      "integrity": "sha512-RdJUflcE3cUzKiMqQgsCu06FPu9UdIJO0beYbPhHN4k6apgJtifcoCtT9bcxOpYBtpD2kCM6Sbzg4CausW/PKQ==",
      "peer": true
    },
    "node_modules/loose-envify": {
      "version": "1.4.0",
      "resolved": "https://registry.npmjs.org/loose-envify/-/loose-envify-1.4.0.tgz",
      "integrity": "sha512-lyuxPGr/Wfhrlem2CL/UcnUc1zcqKAImBDzukY7Y5F/yQiNdko6+fRLevlw1HgMySw7f611UIY408EtxRSoK3Q==",
      "peer": true,
      "dependencies": {
        "js-tokens": "^3.0.0 || ^4.0.0"
      },
      "bin": {
        "loose-envify": "cli.js"
      }
    },
    "node_modules/react": {
      "version": "18.2.0",
      "resolved": "https://registry.npmjs.org/react/-/react-18.2.0.tgz",
      "integrity": "sha512-/3IjMdb2L9QbBdWiW5e3P2/npwMBaU9mHCSCUzNln0ZCYbcfTsGbTJrU/kGemdH2IWmB2ioZ+zkxtmq6g09fGQ==",
      "peer": true,
      "dependencies": {
        "loose-envify": "^1.1.0"
      },
      "engines": {
        "node": ">=0.10.0"
      }
    },
    "node_modules/react-tsparticles": {
      "version": "2.10.1",
      "resolved": "https://registry.npmjs.org/react-tsparticles/-/react-tsparticles-2.10.1.tgz",
      "integrity": "sha512-l/xzw9ZOV9M0WJTsZh6AE0SQ9gqZCeGpLsKdm5rr6qWk1DEOd/szbQca3DQENTjQNXXwqZZjKuoAOomnLlRvuA==",
      "funding": [
        {
          "type": "github",
          "url": "https://github.com/sponsors/matteobruni"
        },
        {
          "type": "github",
          "url": "https://github.com/sponsors/tsparticles"
        },
        {
          "type": "buymeacoffee",
          "url": "https://www.buymeacoffee.com/matteobruni"
        }
      ],
      "hasInstallScript": true,
      "dependencies": {
        "deep-eql": "^4.1.3",
        "tsparticles-engine": "^2.10.1"
      },
      "peerDependencies": {
        "react": ">=16"
      }
    },
    "node_modules/tsparticles": {
      "version": "2.10.1",
      "resolved": "https://registry.npmjs.org/tsparticles/-/tsparticles-2.10.1.tgz",
      "integrity": "sha512-MIPty6UvjRDbFBtnXjedr68WrxlCSa4XmNND7beRcqqdUb+fQKy/3u64sZ15qBQ4JVV5GcvKYijlOGbmTU3SCw==",
      "funding": [
        {
          "type": "github",
          "url": "https://github.com/sponsors/matteobruni"
        },
        {
          "type": "github",
          "url": "https://github.com/sponsors/tsparticles"
        },
        {
          "type": "buymeacoffee",
          "url": "https://www.buymeacoffee.com/matteobruni"
        }
      ],
      "dependencies": {
        "tsparticles-engine": "^2.10.1",
        "tsparticles-interaction-external-trail": "^2.10.1",
        "tsparticles-plugin-absorbers": "^2.10.1",
        "tsparticles-plugin-emitters": "^2.10.1",
        "tsparticles-slim": "^2.10.1",
        "tsparticles-updater-destroy": "^2.10.1",
        "tsparticles-updater-roll": "^2.10.1",
        "tsparticles-updater-tilt": "^2.10.1",
        "tsparticles-updater-twinkle": "^2.10.1",
        "tsparticles-updater-wobble": "^2.10.1"
      }
    },
    "node_modules/tsparticles-engine": {
      "version": "2.10.1",
      "resolved": "https://registry.npmjs.org/tsparticles-engine/-/tsparticles-engine-2.10.1.tgz",
      "integrity": "sha512-DV2gYsbChyiXYIZYgnXtKHSAZdvnNMJpVf9Cw0gO7vjQ6pcgLAeyboRtvsaTfwKZNzzA7BeSf1lVhgGxorL4CQ==",
      "funding": [
        {
          "type": "github",
          "url": "https://github.com/sponsors/matteobruni"
        },
        {
          "type": "github",
          "url": "https://github.com/sponsors/tsparticles"
        },
        {
          "type": "buymeacoffee",
          "url": "https://www.buymeacoffee.com/matteobruni"
        }
      ],
      "hasInstallScript": true
    },
    "node_modules/tsparticles-interaction-external-attract": {
      "version": "2.10.1",
      "resolved": "https://registry.npmjs.org/tsparticles-interaction-external-attract/-/tsparticles-interaction-external-attract-2.10.1.tgz",
      "integrity": "sha512-n/G8YWmoBc8CxZgwPwRA858bWe0dyl/7HS7sUi72m64ptzZlMEcUzfMD6v+PoqTsypLRLN4vWIiGoczkZKxOuw==",
      "dependencies": {
        "tsparticles-engine": "^2.10.1"
      }
    },
    "node_modules/tsparticles-interaction-external-bounce": {
      "version": "2.10.1",
      "resolved": "https://registry.npmjs.org/tsparticles-interaction-external-bounce/-/tsparticles-interaction-external-bounce-2.10.1.tgz",
      "integrity": "sha512-XKsZ8eQJy3w+bjqJYbgOTs3BpL4ykB4Ank7xUNxOgkjtVz/YtUJyCEBlVN+2aRZGLnbFEs2ZZGQVIx+6wyjcCw==",
      "dependencies": {
        "tsparticles-engine": "^2.10.1"
      }
    },
    "node_modules/tsparticles-interaction-external-bubble": {
      "version": "2.10.1",
      "resolved": "https://registry.npmjs.org/tsparticles-interaction-external-bubble/-/tsparticles-interaction-external-bubble-2.10.1.tgz",
      "integrity": "sha512-tY2rySRyyn89K2bjE0gWXI5nuBZljjIW2UbY7rOqd7YeGm6FrcUfuuU1G0sG13cX/u0ufRYi0kDnzCvlfLqwJg==",
      "dependencies": {
        "tsparticles-engine": "^2.10.1"
      }
    },
    "node_modules/tsparticles-interaction-external-connect": {
      "version": "2.10.1",
      "resolved": "https://registry.npmjs.org/tsparticles-interaction-external-connect/-/tsparticles-interaction-external-connect-2.10.1.tgz",
      "integrity": "sha512-tNPlc0csQa9vrzSarlAw+K2YbB5EDU302OkejVUWc7h58hxpPgzR3Fy8O2CsFy8OC1Pw6MNUO+5grG+QvCMj3A==",
      "dependencies": {
        "tsparticles-engine": "^2.10.1"
      }
    },
    "node_modules/tsparticles-interaction-external-grab": {
      "version": "2.10.1",
      "resolved": "https://registry.npmjs.org/tsparticles-interaction-external-grab/-/tsparticles-interaction-external-grab-2.10.1.tgz",
      "integrity": "sha512-5HPjZ4BaRi0k6dUq3UBf/vQ+eMS/e2GERsFMQz8p1Efm7SLz3Uu6gDu3AnamKtzQLUPVtlaUIS+BCsFPZ6EM8w==",
      "dependencies": {
        "tsparticles-engine": "^2.10.1"
      }
    },
    "node_modules/tsparticles-interaction-external-pause": {
      "version": "2.10.1",
      "resolved": "https://registry.npmjs.org/tsparticles-interaction-external-pause/-/tsparticles-interaction-external-pause-2.10.1.tgz",
      "integrity": "sha512-eW5mh/+tM2ipKXyvDZ1MCj6pMTEBStzB+p4coVYfvn2mBXgviY1ktPbN4yGAJc8Fii6YdeqgKQxw7JHSFe6HbQ==",
      "dependencies": {
        "tsparticles-engine": "^2.10.1"
      }
    },
    "node_modules/tsparticles-interaction-external-push": {
      "version": "2.10.1",
      "resolved": "https://registry.npmjs.org/tsparticles-interaction-external-push/-/tsparticles-interaction-external-push-2.10.1.tgz",
      "integrity": "sha512-cjpEnjxN0OEIZwVRDVLdBIEnS0aYxOlV8K7TVtIDvWCAEWi52C+YnVu7XHzr9CGERVlBOElQSLua5CvoM0XYSA==",
      "dependencies": {
        "tsparticles-engine": "^2.10.1"
      }
    },
    "node_modules/tsparticles-interaction-external-remove": {
      "version": "2.10.1",
      "resolved": "https://registry.npmjs.org/tsparticles-interaction-external-remove/-/tsparticles-interaction-external-remove-2.10.1.tgz",
      "integrity": "sha512-6qi4Q61JkmOhPCOf8NXGqWHb1uMlp/BQteSWSEBR1a/jztcbzEpz90spYsObettfZaNDPqVSUiGN4uHtX747CA==",
      "dependencies": {
        "tsparticles-engine": "^2.10.1"
      }
    },
    "node_modules/tsparticles-interaction-external-repulse": {
      "version": "2.10.1",
      "resolved": "https://registry.npmjs.org/tsparticles-interaction-external-repulse/-/tsparticles-interaction-external-repulse-2.10.1.tgz",
      "integrity": "sha512-t4P9ReEBejBYP6Hjrm9jRioFcFTlEuahD1BK7roYaG2pvesBubCmIzS5Gzr79ZEvUQNpQ0r3KmYFIVZyBqaVbQ==",
      "dependencies": {
        "tsparticles-engine": "^2.10.1"
      }
    },
    "node_modules/tsparticles-interaction-external-slow": {
      "version": "2.10.1",
      "resolved": "https://registry.npmjs.org/tsparticles-interaction-external-slow/-/tsparticles-interaction-external-slow-2.10.1.tgz",
      "integrity": "sha512-XAnUscVedw/cMiGJIM7rJ+7RfJSLYWET1WT2eo86B/A3YrDawg2xL5QdzfqurKalvnwRBhAYjpQM0qp6w9//Pw==",
      "dependencies": {
        "tsparticles-engine": "^2.10.1"
      }
    },
    "node_modules/tsparticles-interaction-external-trail": {
      "version": "2.10.1",
      "resolved": "https://registry.npmjs.org/tsparticles-interaction-external-trail/-/tsparticles-interaction-external-trail-2.10.1.tgz",
      "integrity": "sha512-ubGdlLi7JPeunof4roAx/c1BAVWPHqwRcnZK61TPVF3yITsrWli3j5g52KU+kcPaqfdlnRB1rqB6dMjUU2omlA==",
      "dependencies": {
        "tsparticles-engine": "^2.10.1"
      }
    },
    "node_modules/tsparticles-interaction-particles-attract": {
      "version": "2.10.1",
      "resolved": "https://registry.npmjs.org/tsparticles-interaction-particles-attract/-/tsparticles-interaction-particles-attract-2.10.1.tgz",
      "integrity": "sha512-o7p8Te65HXMM/8Qev8wyA4if4W+5VtfD/hTziQEt5Fp3mdxXWdit7jgfvOYnphJoswD0Cr5rEEjvhGuHGoC3dw==",
      "dependencies": {
        "tsparticles-engine": "^2.10.1"
      }
    },
    "node_modules/tsparticles-interaction-particles-collisions": {
      "version": "2.10.1",
      "resolved": "https://registry.npmjs.org/tsparticles-interaction-particles-collisions/-/tsparticles-interaction-particles-collisions-2.10.1.tgz",
      "integrity": "sha512-xSijIyjhUOOZEvdk59HZJksBM8BXUbOtNHx7di7qguUmeQ+MeB2GbP8sje/xSEA1wAEzeD6FFBmOTtDlZQTWOg==",
      "dependencies": {
        "tsparticles-engine": "^2.10.1"
      }
    },
    "node_modules/tsparticles-interaction-particles-links": {
      "version": "2.10.1",
      "resolved": "https://registry.npmjs.org/tsparticles-interaction-particles-links/-/tsparticles-interaction-particles-links-2.10.1.tgz",
      "integrity": "sha512-O6NkvV5muOsitJkicW3eqwPCjkRDWZzY5Twq8NkqCKTXkzpQtow8ByTMKcIWsW1GR6ltylrgyCId5KMwLRArbA==",
      "dependencies": {
        "tsparticles-engine": "^2.10.1"
      }
    },
    "node_modules/tsparticles-move-base": {
      "version": "2.10.1",
      "resolved": "https://registry.npmjs.org/tsparticles-move-base/-/tsparticles-move-base-2.10.1.tgz",
      "integrity": "sha512-Q7JHIRPuJZw/Jz7vEeCePMR/69ace5rpWPqZ3+KLJnrtayxDEvj4tNRjnPtZusJ1Ve+wp0IxjOwrfGxeHxbmsQ==",
      "dependencies": {
        "tsparticles-engine": "^2.10.1"
      }
    },
    "node_modules/tsparticles-move-parallax": {
      "version": "2.10.1",
      "resolved": "https://registry.npmjs.org/tsparticles-move-parallax/-/tsparticles-move-parallax-2.10.1.tgz",
      "integrity": "sha512-FeP+rwanLZvFtftPjTbzJCTZa6kSgP2UWa9WL3VUWzXWTt2UKqPeahhtNqXyRvjqxtVlcZDxFeX7lOvdDHxTNA==",
      "dependencies": {
        "tsparticles-engine": "^2.10.1"
      }
    },
    "node_modules/tsparticles-particles.js": {
      "version": "2.10.1",
      "resolved": "https://registry.npmjs.org/tsparticles-particles.js/-/tsparticles-particles.js-2.10.1.tgz",
      "integrity": "sha512-9mtKrvAJ6bQVUvZlPfea48RwoKUM5qz/NYtXbxpPjJxfsHLnie6R6brHl+8DgrP710UO4rVN2jyPZLvwHWVfyQ==",
      "funding": [
        {
          "type": "github",
          "url": "https://github.com/sponsors/matteobruni"
        },
        {
          "type": "github",
          "url": "https://github.com/sponsors/tsparticles"
        },
        {
          "type": "buymeacoffee",
          "url": "https://www.buymeacoffee.com/matteobruni"
        }
      ],
      "dependencies": {
        "tsparticles-engine": "^2.10.1"
      }
    },
    "node_modules/tsparticles-plugin-absorbers": {
      "version": "2.10.1",
      "resolved": "https://registry.npmjs.org/tsparticles-plugin-absorbers/-/tsparticles-plugin-absorbers-2.10.1.tgz",
      "integrity": "sha512-OSQCtIrWyDJc32Q6hk1B0vWrMATTZtqeu2mGR1Jg5d2/Ur4q9QkDB5oSYmAT1LVCEz0aipyOwqMaRBh5a65S2Q==",
      "dependencies": {
        "tsparticles-engine": "^2.10.1"
      }
    },
    "node_modules/tsparticles-plugin-easing-quad": {
      "version": "2.10.1",
      "resolved": "https://registry.npmjs.org/tsparticles-plugin-easing-quad/-/tsparticles-plugin-easing-quad-2.10.1.tgz",
      "integrity": "sha512-KJHqsEgX4PSaG0gUE/oSd9kcxxRKuC+VbblN1YLsamMw1lPwNulxgh0hOWg3j87YasiUH+LkyC+XvyzF8/x8pQ==",
      "funding": [
        {
          "type": "github",
          "url": "https://github.com/sponsors/matteobruni"
        },
        {
          "type": "github",
          "url": "https://github.com/sponsors/tsparticles"
        },
        {
          "type": "buymeacoffee",
          "url": "https://www.buymeacoffee.com/matteobruni"
        }
      ],
      "dependencies": {
        "tsparticles-engine": "^2.10.1"
      }
    },
    "node_modules/tsparticles-plugin-emitters": {
      "version": "2.10.1",
      "resolved": "https://registry.npmjs.org/tsparticles-plugin-emitters/-/tsparticles-plugin-emitters-2.10.1.tgz",
      "integrity": "sha512-SHuPH0qYA70gWNeOzn3DXk9W/IjTMtbeYhHWLOruTThrcLgBT4bRI5ooLnITjraMaTYf4FWdl7Mi/1MRkT5yUg==",
      "dependencies": {
        "tsparticles-engine": "^2.10.1"
      }
    },
    "node_modules/tsparticles-shape-circle": {
      "version": "2.10.1",
      "resolved": "https://registry.npmjs.org/tsparticles-shape-circle/-/tsparticles-shape-circle-2.10.1.tgz",
      "integrity": "sha512-oWfoF1rwBNDS8X8EBZVwt/UF9wBqh3OpV71LxCvTE9lh73FeUeQZ9aSW46t9XODIsNBMPbnAQNkP1wz4zNiw2A==",
      "dependencies": {
        "tsparticles-engine": "^2.10.1"
      }
    },
    "node_modules/tsparticles-shape-image": {
      "version": "2.10.1",
      "resolved": "https://registry.npmjs.org/tsparticles-shape-image/-/tsparticles-shape-image-2.10.1.tgz",
      "integrity": "sha512-elayAfRPJquv9GhPYpWmDQ4oyRQqa1poxidyKL0qhnU35nyk2yW3fW2awX2QrBDdU+HusBQgP64k+v6HZApsdg==",
      "dependencies": {
        "tsparticles-engine": "^2.10.1"
      }
    },
    "node_modules/tsparticles-shape-line": {
      "version": "2.10.1",
      "resolved": "https://registry.npmjs.org/tsparticles-shape-line/-/tsparticles-shape-line-2.10.1.tgz",
      "integrity": "sha512-3BWNjY0l1vsvKJvMMjkFNtCts3YPOnnd9w4d0d19XXv03jWNbhXC159Xeho/w+jlVcQWsExMxhVPlJYLOPa+Qw==",
      "dependencies": {
        "tsparticles-engine": "^2.10.1"
      }
    },
    "node_modules/tsparticles-shape-polygon": {
      "version": "2.10.1",
      "resolved": "https://registry.npmjs.org/tsparticles-shape-polygon/-/tsparticles-shape-polygon-2.10.1.tgz",
      "integrity": "sha512-ycNJ9j3fNDkqh02J2NUQhNSXxXjQ/GYa9XIuy8dbUTfOrTcMnx7+u0dOSG8gcqp0F8EovLhOlansLYQbEuV4wQ==",
      "dependencies": {
        "tsparticles-engine": "^2.10.1"
      }
    },
    "node_modules/tsparticles-shape-square": {
      "version": "2.10.1",
      "resolved": "https://registry.npmjs.org/tsparticles-shape-square/-/tsparticles-shape-square-2.10.1.tgz",
      "integrity": "sha512-mThpV69K96piNuuti74t2xWKXUJ8fGBXVRg+s72lP34mTbF2O5S4A+HMQMixLLbiq1TFgcLGf7MfxRMRo9sZBA==",
      "dependencies": {
        "tsparticles-engine": "^2.10.1"
      }
    },
    "node_modules/tsparticles-shape-star": {
      "version": "2.10.1",
      "resolved": "https://registry.npmjs.org/tsparticles-shape-star/-/tsparticles-shape-star-2.10.1.tgz",
      "integrity": "sha512-IWydbZ+ttv8+yyC3OucZvOffyYDZxfsHQYg1w8pWS5p/CyB4Ln+dn0Jp7TDDz/Y7HEaEr4mIzMHyL7ZQTj2wIw==",
      "dependencies": {
        "tsparticles-engine": "^2.10.1"
      }
    },
    "node_modules/tsparticles-shape-text": {
      "version": "2.10.1",
      "resolved": "https://registry.npmjs.org/tsparticles-shape-text/-/tsparticles-shape-text-2.10.1.tgz",
      "integrity": "sha512-g2f3CPj/M4rKCKA18eKFOC6D90p+aToPFKzADVmJhDx7I3k5VAM/y/IDkQTDc1w6DmTOvEd5BY+QrYbfTvs+YQ==",
      "dependencies": {
        "tsparticles-engine": "^2.10.1"
      }
    },
    "node_modules/tsparticles-slim": {
      "version": "2.10.1",
      "resolved": "https://registry.npmjs.org/tsparticles-slim/-/tsparticles-slim-2.10.1.tgz",
      "integrity": "sha512-A2DMPfZKINQp4GtW2rVv435flaLAun8MMZnOEdZdpnk51tbPHiBTVybfzYZVSOK2B7z8uCzmaplTyYkyDZsk1A==",
      "funding": [
        {
          "type": "github",
          "url": "https://github.com/sponsors/matteobruni"
        },
        {
          "type": "github",
          "url": "https://github.com/sponsors/tsparticles"
        },
        {
          "type": "buymeacoffee",
          "url": "https://www.buymeacoffee.com/matteobruni"
        }
      ],
      "dependencies": {
        "tsparticles-engine": "^2.10.1",
        "tsparticles-interaction-external-attract": "^2.10.1",
        "tsparticles-interaction-external-bounce": "^2.10.1",
        "tsparticles-interaction-external-bubble": "^2.10.1",
        "tsparticles-interaction-external-connect": "^2.10.1",
        "tsparticles-interaction-external-grab": "^2.10.1",
        "tsparticles-interaction-external-pause": "^2.10.1",
        "tsparticles-interaction-external-push": "^2.10.1",
        "tsparticles-interaction-external-remove": "^2.10.1",
        "tsparticles-interaction-external-repulse": "^2.10.1",
        "tsparticles-interaction-external-slow": "^2.10.1",
        "tsparticles-interaction-particles-attract": "^2.10.1",
        "tsparticles-interaction-particles-collisions": "^2.10.1",
        "tsparticles-interaction-particles-links": "^2.10.1",
        "tsparticles-move-base": "^2.10.1",
        "tsparticles-move-parallax": "^2.10.1",
        "tsparticles-particles.js": "^2.10.1",
        "tsparticles-plugin-easing-quad": "^2.10.1",
        "tsparticles-shape-circle": "^2.10.1",
        "tsparticles-shape-image": "^2.10.1",
        "tsparticles-shape-line": "^2.10.1",
        "tsparticles-shape-polygon": "^2.10.1",
        "tsparticles-shape-square": "^2.10.1",
        "tsparticles-shape-star": "^2.10.1",
        "tsparticles-shape-text": "^2.10.1",
        "tsparticles-updater-color": "^2.10.1",
        "tsparticles-updater-life": "^2.10.1",
        "tsparticles-updater-opacity": "^2.10.1",
        "tsparticles-updater-out-modes": "^2.10.1",
        "tsparticles-updater-rotate": "^2.10.1",
        "tsparticles-updater-size": "^2.10.1",
        "tsparticles-updater-stroke-color": "^2.10.1"
      }
    },
    "node_modules/tsparticles-updater-color": {
      "version": "2.10.1",
      "resolved": "https://registry.npmjs.org/tsparticles-updater-color/-/tsparticles-updater-color-2.10.1.tgz",
      "integrity": "sha512-/7FCR/VzpOuiE0ztGEzzN4vNeLGbS9QUBX78OM59GDZujlHfjfWh1jqedyNXrhkb6mf08B3FZWiQWGysPeL31Q==",
      "dependencies": {
        "tsparticles-engine": "^2.10.1"
      }
    },
    "node_modules/tsparticles-updater-destroy": {
      "version": "2.10.1",
      "resolved": "https://registry.npmjs.org/tsparticles-updater-destroy/-/tsparticles-updater-destroy-2.10.1.tgz",
      "integrity": "sha512-lFTyVgLNt4x1T4jBHRs+V8gFUQKwXkMbeNF5JUNwlrmGBr/Mx0A36XBcJ4BKZR5+jWO1C6I8jgYzIrFPx6Z+MQ==",
      "dependencies": {
        "tsparticles-engine": "^2.10.1"
      }
    },
    "node_modules/tsparticles-updater-life": {
      "version": "2.10.1",
      "resolved": "https://registry.npmjs.org/tsparticles-updater-life/-/tsparticles-updater-life-2.10.1.tgz",
      "integrity": "sha512-qhd+uVxxGLS50bN75POU2lHgqBhXBpRmdY/RnW6mwHGrs5SgiU0XoM0il3+RoAnvpscWG/5ZgEXvpm7ZvbNUWA==",
      "dependencies": {
        "tsparticles-engine": "^2.10.1"
      }
    },
    "node_modules/tsparticles-updater-opacity": {
      "version": "2.10.1",
      "resolved": "https://registry.npmjs.org/tsparticles-updater-opacity/-/tsparticles-updater-opacity-2.10.1.tgz",
      "integrity": "sha512-l1FOevfK9CMz9cBRT5prQpHACijYJ+3dHvIfx0Y5M5Do4etoT+PurZxDpQlQU6Yd0vXKm3r37paPiQbH5U3Vqg==",
      "dependencies": {
        "tsparticles-engine": "^2.10.1"
      }
    },
    "node_modules/tsparticles-updater-out-modes": {
      "version": "2.10.1",
      "resolved": "https://registry.npmjs.org/tsparticles-updater-out-modes/-/tsparticles-updater-out-modes-2.10.1.tgz",
      "integrity": "sha512-nzP/puePd97FlME9gzmjwdQWoqm+O7GtnkbD33a4NBlzJMgtjbGtmz/Tmc4hLicb/qwS5D8j9xvB+srsuxT7LA==",
      "dependencies": {
        "tsparticles-engine": "^2.10.1"
      }
    },
    "node_modules/tsparticles-updater-roll": {
      "version": "2.10.1",
      "resolved": "https://registry.npmjs.org/tsparticles-updater-roll/-/tsparticles-updater-roll-2.10.1.tgz",
      "integrity": "sha512-5v43esqjPy/GbXXJKOqOF4fD7zndQFE7G5iqF76dp8RaG2V+tIb96j8+wx2B32K9VjEOk3XwOKjYnHtdpYPhvg==",
      "dependencies": {
        "tsparticles-engine": "^2.10.1"
      }
    },
    "node_modules/tsparticles-updater-rotate": {
      "version": "2.10.1",
      "resolved": "https://registry.npmjs.org/tsparticles-updater-rotate/-/tsparticles-updater-rotate-2.10.1.tgz",
      "integrity": "sha512-GWCyLrB0JaEY0nugFU5E22b/LjSF6Bv4q5dXsbtzqjD9Ka/DPMJ8js8bzJhNf3jftQzf6zBXf72W0kyZH79VIQ==",
      "dependencies": {
        "tsparticles-engine": "^2.10.1"
      }
    },
    "node_modules/tsparticles-updater-size": {
      "version": "2.10.1",
      "resolved": "https://registry.npmjs.org/tsparticles-updater-size/-/tsparticles-updater-size-2.10.1.tgz",
      "integrity": "sha512-Kdtskqm0CRrlsovOsJLcS6NXF0alJ6NlwmW7oWnTK6EeLvEKaqisG/hjcFf+l7eXlmL8j9rYgh6wctaef6GBCw==",
      "dependencies": {
        "tsparticles-engine": "^2.10.1"
      }
    },
    "node_modules/tsparticles-updater-stroke-color": {
      "version": "2.10.1",
      "resolved": "https://registry.npmjs.org/tsparticles-updater-stroke-color/-/tsparticles-updater-stroke-color-2.10.1.tgz",
      "integrity": "sha512-iYLO1y9lH0bOxxE5gPRdsYR5UVIvtxWpera8C5JBXaHywROkJ8CSXxA2pIe01kUIwIOcOv8j26RJvKNdttv9kQ==",
      "dependencies": {
        "tsparticles-engine": "^2.10.1"
      }
    },
    "node_modules/tsparticles-updater-tilt": {
      "version": "2.10.1",
      "resolved": "https://registry.npmjs.org/tsparticles-updater-tilt/-/tsparticles-updater-tilt-2.10.1.tgz",
      "integrity": "sha512-MLNZPSc+nM+M5KV9i6tHtzxqSIhQ9VQAuKOuKqHRxs3fkFXboc1dNKA5Ou16roi/efqpc1gXrtZvhPF+holp2Q==",
      "dependencies": {
        "tsparticles-engine": "^2.10.1"
      }
    },
    "node_modules/tsparticles-updater-twinkle": {
      "version": "2.10.1",
      "resolved": "https://registry.npmjs.org/tsparticles-updater-twinkle/-/tsparticles-updater-twinkle-2.10.1.tgz",
      "integrity": "sha512-Y+/34BCG2/tTm1lpHniNhh3P5M0u5i6qjt/MGquR6yXzQqjmRkhW29vtqd8tZcVx4KZ7Rj0mOUIHFX8bc3YRHQ==",
      "dependencies": {
        "tsparticles-engine": "^2.10.1"
      }
    },
    "node_modules/tsparticles-updater-wobble": {
      "version": "2.10.1",
      "resolved": "https://registry.npmjs.org/tsparticles-updater-wobble/-/tsparticles-updater-wobble-2.10.1.tgz",
      "integrity": "sha512-Kf5MfhjkXKlB0hiZPUJCv0PCxRH2E1nmyUnqu05xSZGjQDTS+A/uNtUvIA1nrq7l38VVgpRREtnYka2whOhzwQ==",
      "dependencies": {
        "tsparticles-engine": "^2.10.1"
      }
    },
    "node_modules/type-detect": {
      "version": "4.0.8",
      "resolved": "https://registry.npmjs.org/type-detect/-/type-detect-4.0.8.tgz",
      "integrity": "sha512-0fr/mIH1dlO+x7TlcMy+bIDqKPsw/70tVyeHW787goQjhmqaZe10uwLujubK9q9Lg6Fiho1KUKDYz0Z7k7g5/g==",
      "engines": {
        "node": ">=4"
      }
    }
  }
}
